
Microsoft Visual Studio Solution File, Format Version 12.00
# Visual Studio Version 16
VisualStudioVersion = 16.0.29519.181
MinimumVisualStudioVersion = 10.0.40219.1
Project("{FAE04EC0-301F-11D3-BF4B-00C04F79EFBC}") = "GCDAlgorithm", "src\GCDAlgorithm\GCDAlgorithm.csproj", "{D24325F9-BA0A-40AC-81B9-C1315031FA36}"
EndProject
Project("{FAE04EC0-301F-11D3-BF4B-00C04F79EFBC}") = "GCDAlgorithmTests", "Tests\GCDAlgorithmTests\GCDAlgorithmTests.csproj", "{5242C821-2A97-4DA6-9F2E-088C4325E393}"
EndProject
Global
	GlobalSection(SolutionConfigurationPlatforms) = preSolution
		Debug|Any CPU = Debug|Any CPU
		Release|Any CPU = Release|Any CPU
	EndGlobalSection
	GlobalSection(ProjectConfigurationPlatforms) = postSolution
		{D24325F9-BA0A-40AC-81B9-C1315031FA36}.Debug|Any CPU.ActiveCfg = Debug|Any CPU
		{D24325F9-BA0A-40AC-81B9-C1315031FA36}.Debug|Any CPU.Build.0 = Debug|Any CPU
		{D24325F9-BA0A-40AC-81B9-C1315031FA36}.Release|Any CPU.ActiveCfg = Release|Any CPU
		{D24325F9-BA0A-40AC-81B9-C1315031FA36}.Release|Any CPU.Build.0 = Release|Any CPU
		{5242C821-2A97-4DA6-9F2E-088C4325E393}.Debug|Any CPU.ActiveCfg = Debug|Any CPU
		{5242C821-2A97-4DA6-9F2E-088C4325E393}.Debug|Any CPU.Build.0 = Debug|Any CPU
		{5242C821-2A97-4DA6-9F2E-088C4325E393}.Release|Any CPU.ActiveCfg = Release|Any CPU
		{5242C821-2A97-4DA6-9F2E-088C4325E393}.Release|Any CPU.Build.0 = Release|Any CPU
	EndGlobalSection
	GlobalSection(SolutionProperties) = preSolution
		HideSolutionNode = FALSE
	EndGlobalSection
	GlobalSection(ExtensibilityGlobals) = postSolution
		SolutionGuid = {3E83C1FB-42FB-4EB0-9899-758624C42C31}
	EndGlobalSection
EndGlobal
