
Microsoft Visual Studio Solution File, Format Version 12.00
# Visual Studio Version 16
VisualStudioVersion = 16.0.29519.181
MinimumVisualStudioVersion = 10.0.40219.1
Project("{2150E333-8FDC-42A3-9474-1A3956D46DE8}") = "test", "test", "{AAD36CCF-9FD1-45EB-8C18-9F7D6707272E}"
EndProject
Project("{2150E333-8FDC-42A3-9474-1A3956D46DE8}") = "src", "src", "{C58384CE-F995-4EA3-925C-A21AF731BDF3}"
EndProject
Project("{2150E333-8FDC-42A3-9474-1A3956D46DE8}") = "task02.1", "task02.1", "{75CD832E-3992-4F8C-8D11-775CAE350882}"
EndProject
Project("{2150E333-8FDC-42A3-9474-1A3956D46DE8}") = "task02.2", "task02.2", "{D41888AF-B8A2-47BF-BAF4-9116789057FE}"
EndProject
Project("{2150E333-8FDC-42A3-9474-1A3956D46DE8}") = "fileData", "fileData", "{8B438FD0-749E-4B2A-BE98-6F59F65CF09C}"
EndProject
Project("{2150E333-8FDC-42A3-9474-1A3956D46DE8}") = "xmlDocuments", "xmlDocuments", "{F19AF6C3-4042-47AF-98D7-B2F86EE6F7BB}"
EndProject
Project("{2150E333-8FDC-42A3-9474-1A3956D46DE8}") = "task02.3", "task02.3", "{CF248F48-4362-4AD6-88EB-ED8E1766632C}"
EndProject
Global
	GlobalSection(SolutionProperties) = preSolution
		HideSolutionNode = FALSE
	EndGlobalSection
	GlobalSection(NestedProjects) = preSolution
		{75CD832E-3992-4F8C-8D11-775CAE350882} = {C58384CE-F995-4EA3-925C-A21AF731BDF3}
		{D41888AF-B8A2-47BF-BAF4-9116789057FE} = {C58384CE-F995-4EA3-925C-A21AF731BDF3}
		{CF248F48-4362-4AD6-88EB-ED8E1766632C} = {C58384CE-F995-4EA3-925C-A21AF731BDF3}
	EndGlobalSection
	GlobalSection(ExtensibilityGlobals) = postSolution
		SolutionGuid = {3E83C1FB-42FB-4EB0-9899-758624C42C31}
	EndGlobalSection
EndGlobal
