
Microsoft Visual Studio Solution File, Format Version 12.00
# Visual Studio Version 16
VisualStudioVersion = 16.0.29519.181
MinimumVisualStudioVersion = 10.0.40219.1
Project("{2150E333-8FDC-42A3-9474-1A3956D46DE8}") = "test", "test", "{AAD36CCF-9FD1-45EB-8C18-9F7D6707272E}"
EndProject
Project("{2150E333-8FDC-42A3-9474-1A3956D46DE8}") = "src", "src", "{C58384CE-F995-4EA3-925C-A21AF731BDF3}"
EndProject
Project("{2150E333-8FDC-42A3-9474-1A3956D46DE8}") = "xmlDocuments", "xmlDocuments", "{F19AF6C3-4042-47AF-98D7-B2F86EE6F7BB}"
	ProjectSection(SolutionItems) = preProject
		xmlDocuments\ClientServer.Domain.xml = xmlDocuments\ClientServer.Domain.xml
		xmlDocuments\ClientServer.DomainTests.xml = xmlDocuments\ClientServer.DomainTests.xml
	EndProjectSection
EndProject
Project("{FAE04EC0-301F-11D3-BF4B-00C04F79EFBC}") = "ClientServer.Domain", "src\ClientServer.Domain\ClientServer.Domain.csproj", "{18AA48D6-3B0A-4D4E-A81F-96DE52478D17}"
EndProject
Project("{FAE04EC0-301F-11D3-BF4B-00C04F79EFBC}") = "ClientServer.DomainTests", "tests\ClientServer.DomainTests\ClientServer.DomainTests.csproj", "{A09B0679-9E8C-462B-84DB-132578D33021}"
EndProject
Project("{FAE04EC0-301F-11D3-BF4B-00C04F79EFBC}") = "Infrastructure", "src\Infrastructure\Infrastructure.csproj", "{0BC7CBE0-F3A9-4024-BCD0-CB010E0DC152}"
EndProject
Global
	GlobalSection(SolutionConfigurationPlatforms) = preSolution
		Debug|Any CPU = Debug|Any CPU
		Release|Any CPU = Release|Any CPU
	EndGlobalSection
	GlobalSection(ProjectConfigurationPlatforms) = postSolution
		{18AA48D6-3B0A-4D4E-A81F-96DE52478D17}.Debug|Any CPU.ActiveCfg = Debug|Any CPU
		{18AA48D6-3B0A-4D4E-A81F-96DE52478D17}.Debug|Any CPU.Build.0 = Debug|Any CPU
		{18AA48D6-3B0A-4D4E-A81F-96DE52478D17}.Release|Any CPU.ActiveCfg = Release|Any CPU
		{18AA48D6-3B0A-4D4E-A81F-96DE52478D17}.Release|Any CPU.Build.0 = Release|Any CPU
		{A09B0679-9E8C-462B-84DB-132578D33021}.Debug|Any CPU.ActiveCfg = Debug|Any CPU
		{A09B0679-9E8C-462B-84DB-132578D33021}.Debug|Any CPU.Build.0 = Debug|Any CPU
		{A09B0679-9E8C-462B-84DB-132578D33021}.Release|Any CPU.ActiveCfg = Release|Any CPU
		{A09B0679-9E8C-462B-84DB-132578D33021}.Release|Any CPU.Build.0 = Release|Any CPU
		{0BC7CBE0-F3A9-4024-BCD0-CB010E0DC152}.Debug|Any CPU.ActiveCfg = Debug|Any CPU
		{0BC7CBE0-F3A9-4024-BCD0-CB010E0DC152}.Debug|Any CPU.Build.0 = Debug|Any CPU
		{0BC7CBE0-F3A9-4024-BCD0-CB010E0DC152}.Release|Any CPU.ActiveCfg = Release|Any CPU
		{0BC7CBE0-F3A9-4024-BCD0-CB010E0DC152}.Release|Any CPU.Build.0 = Release|Any CPU
	EndGlobalSection
	GlobalSection(SolutionProperties) = preSolution
		HideSolutionNode = FALSE
	EndGlobalSection
	GlobalSection(NestedProjects) = preSolution
		{18AA48D6-3B0A-4D4E-A81F-96DE52478D17} = {C58384CE-F995-4EA3-925C-A21AF731BDF3}
		{A09B0679-9E8C-462B-84DB-132578D33021} = {AAD36CCF-9FD1-45EB-8C18-9F7D6707272E}
		{0BC7CBE0-F3A9-4024-BCD0-CB010E0DC152} = {C58384CE-F995-4EA3-925C-A21AF731BDF3}
	EndGlobalSection
	GlobalSection(ExtensibilityGlobals) = postSolution
		SolutionGuid = {3E83C1FB-42FB-4EB0-9899-758624C42C31}
	EndGlobalSection
EndGlobal
