
Microsoft Visual Studio Solution File, Format Version 12.00
# Visual Studio Version 16
VisualStudioVersion = 16.0.29519.181
MinimumVisualStudioVersion = 10.0.40219.1
Project("{2150E333-8FDC-42A3-9474-1A3956D46DE8}") = "test", "test", "{AAD36CCF-9FD1-45EB-8C18-9F7D6707272E}"
EndProject
Project("{2150E333-8FDC-42A3-9474-1A3956D46DE8}") = "src", "src", "{C58384CE-F995-4EA3-925C-A21AF731BDF3}"
EndProject
Project("{2150E333-8FDC-42A3-9474-1A3956D46DE8}") = "xmlData", "xmlData", "{8B438FD0-749E-4B2A-BE98-6F59F65CF09C}"
EndProject
Project("{2150E333-8FDC-42A3-9474-1A3956D46DE8}") = "xmlDocuments", "xmlDocuments", "{F19AF6C3-4042-47AF-98D7-B2F86EE6F7BB}"
EndProject
Project("{FAE04EC0-301F-11D3-BF4B-00C04F79EFBC}") = "BinaryTree.Domain", "src\BinaryTree.Domain\BinaryTree.Domain.csproj", "{64C87236-4749-46F6-84D2-69052E9CC5C2}"
EndProject
Project("{FAE04EC0-301F-11D3-BF4B-00C04F79EFBC}") = "BinaryTree.DomainTests", "tests\BinaryTree.DomainTests\BinaryTree.DomainTests.csproj", "{D5B888CA-3906-4CA8-95ED-6CD03011EF86}"
EndProject
Project("{FAE04EC0-301F-11D3-BF4B-00C04F79EFBC}") = "StudentInformation.Domain", "src\StudentInformation.Domain\StudentInformation.Domain.csproj", "{D2EA6F08-6BF9-4CF3-A366-925C3BD66E33}"
EndProject
Project("{FAE04EC0-301F-11D3-BF4B-00C04F79EFBC}") = "Serializer.Services", "src\Serializer.Services\Serializer.Services.csproj", "{628F93B7-A2DE-41CE-BEFD-C524F7BEEA58}"
EndProject
Project("{FAE04EC0-301F-11D3-BF4B-00C04F79EFBC}") = "Version.Domain", "src\Version.Domain\Version.Domain.csproj", "{5AEC3C87-5467-459C-A16C-B17364F7AFE9}"
EndProject
Global
	GlobalSection(SolutionConfigurationPlatforms) = preSolution
		Debug|Any CPU = Debug|Any CPU
		Release|Any CPU = Release|Any CPU
	EndGlobalSection
	GlobalSection(ProjectConfigurationPlatforms) = postSolution
		{64C87236-4749-46F6-84D2-69052E9CC5C2}.Debug|Any CPU.ActiveCfg = Debug|Any CPU
		{64C87236-4749-46F6-84D2-69052E9CC5C2}.Debug|Any CPU.Build.0 = Debug|Any CPU
		{64C87236-4749-46F6-84D2-69052E9CC5C2}.Release|Any CPU.ActiveCfg = Release|Any CPU
		{64C87236-4749-46F6-84D2-69052E9CC5C2}.Release|Any CPU.Build.0 = Release|Any CPU
		{D5B888CA-3906-4CA8-95ED-6CD03011EF86}.Debug|Any CPU.ActiveCfg = Debug|Any CPU
		{D5B888CA-3906-4CA8-95ED-6CD03011EF86}.Debug|Any CPU.Build.0 = Debug|Any CPU
		{D5B888CA-3906-4CA8-95ED-6CD03011EF86}.Release|Any CPU.ActiveCfg = Release|Any CPU
		{D5B888CA-3906-4CA8-95ED-6CD03011EF86}.Release|Any CPU.Build.0 = Release|Any CPU
		{D2EA6F08-6BF9-4CF3-A366-925C3BD66E33}.Debug|Any CPU.ActiveCfg = Debug|Any CPU
		{D2EA6F08-6BF9-4CF3-A366-925C3BD66E33}.Debug|Any CPU.Build.0 = Debug|Any CPU
		{D2EA6F08-6BF9-4CF3-A366-925C3BD66E33}.Release|Any CPU.ActiveCfg = Release|Any CPU
		{D2EA6F08-6BF9-4CF3-A366-925C3BD66E33}.Release|Any CPU.Build.0 = Release|Any CPU
		{628F93B7-A2DE-41CE-BEFD-C524F7BEEA58}.Debug|Any CPU.ActiveCfg = Debug|Any CPU
		{628F93B7-A2DE-41CE-BEFD-C524F7BEEA58}.Debug|Any CPU.Build.0 = Debug|Any CPU
		{628F93B7-A2DE-41CE-BEFD-C524F7BEEA58}.Release|Any CPU.ActiveCfg = Release|Any CPU
		{628F93B7-A2DE-41CE-BEFD-C524F7BEEA58}.Release|Any CPU.Build.0 = Release|Any CPU
		{5AEC3C87-5467-459C-A16C-B17364F7AFE9}.Debug|Any CPU.ActiveCfg = Debug|Any CPU
		{5AEC3C87-5467-459C-A16C-B17364F7AFE9}.Debug|Any CPU.Build.0 = Debug|Any CPU
		{5AEC3C87-5467-459C-A16C-B17364F7AFE9}.Release|Any CPU.ActiveCfg = Release|Any CPU
		{5AEC3C87-5467-459C-A16C-B17364F7AFE9}.Release|Any CPU.Build.0 = Release|Any CPU
	EndGlobalSection
	GlobalSection(SolutionProperties) = preSolution
		HideSolutionNode = FALSE
	EndGlobalSection
	GlobalSection(NestedProjects) = preSolution
		{64C87236-4749-46F6-84D2-69052E9CC5C2} = {C58384CE-F995-4EA3-925C-A21AF731BDF3}
		{D5B888CA-3906-4CA8-95ED-6CD03011EF86} = {AAD36CCF-9FD1-45EB-8C18-9F7D6707272E}
		{D2EA6F08-6BF9-4CF3-A366-925C3BD66E33} = {C58384CE-F995-4EA3-925C-A21AF731BDF3}
		{628F93B7-A2DE-41CE-BEFD-C524F7BEEA58} = {C58384CE-F995-4EA3-925C-A21AF731BDF3}
		{5AEC3C87-5467-459C-A16C-B17364F7AFE9} = {C58384CE-F995-4EA3-925C-A21AF731BDF3}
	EndGlobalSection
	GlobalSection(ExtensibilityGlobals) = postSolution
		SolutionGuid = {3E83C1FB-42FB-4EB0-9899-758624C42C31}
	EndGlobalSection
EndGlobal
